
Microsoft Visual Studio Solution File, Format Version 12.00
# Visual Studio Version 17
VisualStudioVersion = 17.10.34928.147
MinimumVisualStudioVersion = 10.0.40219.1
Project("{FAE04EC0-301F-11D3-BF4B-00C04F79EFBC}") = "ArduinoThermoHygrometer", "ArduinoThermoHygrometer.csproj", "{FFE132A1-8009-419E-9F34-DE0FDA29921D}"
EndProject
Global
	GlobalSection(SolutionConfigurationPlatforms) = preSolution
		Debug|Any CPU = Debug|Any CPU
		Release|Any CPU = Release|Any CPU
	EndGlobalSection
	GlobalSection(ProjectConfigurationPlatforms) = postSolution
		{FFE132A1-8009-419E-9F34-DE0FDA29921D}.Debug|Any CPU.ActiveCfg = Debug|Any CPU
		{FFE132A1-8009-419E-9F34-DE0FDA29921D}.Debug|Any CPU.Build.0 = Debug|Any CPU
		{FFE132A1-8009-419E-9F34-DE0FDA29921D}.Release|Any CPU.ActiveCfg = Release|Any CPU
		{FFE132A1-8009-419E-9F34-DE0FDA29921D}.Release|Any CPU.Build.0 = Release|Any CPU
	EndGlobalSection
	GlobalSection(SolutionProperties) = preSolution
		HideSolutionNode = FALSE
	EndGlobalSection
	GlobalSection(ExtensibilityGlobals) = postSolution
		SolutionGuid = {8BCE9917-A691-4F3A-91C9-ED4357F25BEF}
	EndGlobalSection
EndGlobal
