Microsoft Visual Studio Solution File, Format Version 12.00
# Visual Studio Version 17
VisualStudioVersion = 17.5.2.0
MinimumVisualStudioVersion = 10.0.40219.1
Project("{2150E333-8FDC-42A3-9474-1A3956D46DE8}") = "src", "src", "{827E0CD3-B72D-47B6-A68D-7590B98EB39B}"
EndProject
Project("{2150E333-8FDC-42A3-9474-1A3956D46DE8}") = "test", "test", "{0C88DD14-F956-CE84-757C-A364CCF449FC}"
EndProject
Project("{FAE04EC0-301F-11D3-BF4B-00C04F79EFBC}") = "ArduinoThermoHygrometer.Api", "src\ArduinoThermoHygrometer.Api\ArduinoThermoHygrometer.Api.csproj", "{FE3C758B-6F77-BD20-D651-DC4724EE1351}"
EndProject
Project("{FAE04EC0-301F-11D3-BF4B-00C04F79EFBC}") = "ArduinoThermoHygrometer.Core", "src\ArduinoThermoHygrometer.Core\ArduinoThermoHygrometer.Core.csproj", "{B0862885-3343-D371-B640-ABC926D65279}"
EndProject
Project("{FAE04EC0-301F-11D3-BF4B-00C04F79EFBC}") = "ArduinoThermoHygrometer.Domain", "src\ArduinoThermoHygrometer.Domain\ArduinoThermoHygrometer.Domain.csproj", "{C1AF8433-39D1-D12A-D765-1E06ED59629A}"
EndProject
Project("{FAE04EC0-301F-11D3-BF4B-00C04F79EFBC}") = "ArduinoThermoHygrometer.Infrastructure", "src\ArduinoThermoHygrometer.Infrastructure\ArduinoThermoHygrometer.Infrastructure.csproj", "{BC4F9598-F9B2-78AB-B869-CB42ECBDC003}"
EndProject
Project("{FAE04EC0-301F-11D3-BF4B-00C04F79EFBC}") = "ArduinoThermoHygrometer.Test", "test\ArduinoThermoHygrometer.Test\ArduinoThermoHygrometer.Test.csproj", "{D1520D59-8B8E-D1D9-C186-5AB939518498}"
EndProject
Global
	GlobalSection(SolutionConfigurationPlatforms) = preSolution
		Debug|Any CPU = Debug|Any CPU
		Release|Any CPU = Release|Any CPU
	EndGlobalSection
	GlobalSection(ProjectConfigurationPlatforms) = postSolution
		{FE3C758B-6F77-BD20-D651-DC4724EE1351}.Debug|Any CPU.ActiveCfg = Debug|Any CPU
		{FE3C758B-6F77-BD20-D651-DC4724EE1351}.Debug|Any CPU.Build.0 = Debug|Any CPU
		{FE3C758B-6F77-BD20-D651-DC4724EE1351}.Release|Any CPU.ActiveCfg = Release|Any CPU
		{FE3C758B-6F77-BD20-D651-DC4724EE1351}.Release|Any CPU.Build.0 = Release|Any CPU
		{B0862885-3343-D371-B640-ABC926D65279}.Debug|Any CPU.ActiveCfg = Debug|Any CPU
		{B0862885-3343-D371-B640-ABC926D65279}.Debug|Any CPU.Build.0 = Debug|Any CPU
		{B0862885-3343-D371-B640-ABC926D65279}.Release|Any CPU.ActiveCfg = Release|Any CPU
		{B0862885-3343-D371-B640-ABC926D65279}.Release|Any CPU.Build.0 = Release|Any CPU
		{C1AF8433-39D1-D12A-D765-1E06ED59629A}.Debug|Any CPU.ActiveCfg = Debug|Any CPU
		{C1AF8433-39D1-D12A-D765-1E06ED59629A}.Debug|Any CPU.Build.0 = Debug|Any CPU
		{C1AF8433-39D1-D12A-D765-1E06ED59629A}.Release|Any CPU.ActiveCfg = Release|Any CPU
		{C1AF8433-39D1-D12A-D765-1E06ED59629A}.Release|Any CPU.Build.0 = Release|Any CPU
		{BC4F9598-F9B2-78AB-B869-CB42ECBDC003}.Debug|Any CPU.ActiveCfg = Debug|Any CPU
		{BC4F9598-F9B2-78AB-B869-CB42ECBDC003}.Debug|Any CPU.Build.0 = Debug|Any CPU
		{BC4F9598-F9B2-78AB-B869-CB42ECBDC003}.Release|Any CPU.ActiveCfg = Release|Any CPU
		{BC4F9598-F9B2-78AB-B869-CB42ECBDC003}.Release|Any CPU.Build.0 = Release|Any CPU
		{D1520D59-8B8E-D1D9-C186-5AB939518498}.Debug|Any CPU.ActiveCfg = Debug|Any CPU
		{D1520D59-8B8E-D1D9-C186-5AB939518498}.Debug|Any CPU.Build.0 = Debug|Any CPU
		{D1520D59-8B8E-D1D9-C186-5AB939518498}.Release|Any CPU.ActiveCfg = Release|Any CPU
		{D1520D59-8B8E-D1D9-C186-5AB939518498}.Release|Any CPU.Build.0 = Release|Any CPU
	EndGlobalSection
	GlobalSection(SolutionProperties) = preSolution
		HideSolutionNode = FALSE
	EndGlobalSection
	GlobalSection(NestedProjects) = preSolution
		{FE3C758B-6F77-BD20-D651-DC4724EE1351} = {827E0CD3-B72D-47B6-A68D-7590B98EB39B}
		{B0862885-3343-D371-B640-ABC926D65279} = {827E0CD3-B72D-47B6-A68D-7590B98EB39B}
		{C1AF8433-39D1-D12A-D765-1E06ED59629A} = {827E0CD3-B72D-47B6-A68D-7590B98EB39B}
		{BC4F9598-F9B2-78AB-B869-CB42ECBDC003} = {827E0CD3-B72D-47B6-A68D-7590B98EB39B}
		{D1520D59-8B8E-D1D9-C186-5AB939518498} = {0C88DD14-F956-CE84-757C-A364CCF449FC}
	EndGlobalSection
	GlobalSection(ExtensibilityGlobals) = postSolution
		SolutionGuid = {21ECD053-CAC6-4133-8C7F-F2D8B4BDD920}
	EndGlobalSection
EndGlobal
